
Microsoft Visual Studio Solution File, Format Version 12.00
# Visual Studio Version 17
VisualStudioVersion = 17.3.32804.467
MinimumVisualStudioVersion = 10.0.40219.1
Project("{FAE04EC0-301F-11D3-BF4B-00C04F79EFBC}") = "BlazorApp_Study", "BlazorApp_Study\BlazorApp_Study.csproj", "{7D67138A-CFF2-4A5D-9B20-89C06FAF4BCD}"
EndProject
Project("{FAE04EC0-301F-11D3-BF4B-00C04F79EFBC}") = "TestProject1", "TestProject1\TestProject1.csproj", "{8A5DCCF0-99B9-4B41-A82A-93F6BA6D8B31}"
EndProject
Global
	GlobalSection(SolutionConfigurationPlatforms) = preSolution
		Debug|Any CPU = Debug|Any CPU
		Release|Any CPU = Release|Any CPU
	EndGlobalSection
	GlobalSection(ProjectConfigurationPlatforms) = postSolution
		{7D67138A-CFF2-4A5D-9B20-89C06FAF4BCD}.Debug|Any CPU.ActiveCfg = Debug|Any CPU
		{7D67138A-CFF2-4A5D-9B20-89C06FAF4BCD}.Debug|Any CPU.Build.0 = Debug|Any CPU
		{7D67138A-CFF2-4A5D-9B20-89C06FAF4BCD}.Release|Any CPU.ActiveCfg = Release|Any CPU
		{7D67138A-CFF2-4A5D-9B20-89C06FAF4BCD}.Release|Any CPU.Build.0 = Release|Any CPU
		{8A5DCCF0-99B9-4B41-A82A-93F6BA6D8B31}.Debug|Any CPU.ActiveCfg = Debug|Any CPU
		{8A5DCCF0-99B9-4B41-A82A-93F6BA6D8B31}.Debug|Any CPU.Build.0 = Debug|Any CPU
		{8A5DCCF0-99B9-4B41-A82A-93F6BA6D8B31}.Release|Any CPU.ActiveCfg = Release|Any CPU
		{8A5DCCF0-99B9-4B41-A82A-93F6BA6D8B31}.Release|Any CPU.Build.0 = Release|Any CPU
	EndGlobalSection
	GlobalSection(SolutionProperties) = preSolution
		HideSolutionNode = FALSE
	EndGlobalSection
	GlobalSection(ExtensibilityGlobals) = postSolution
		SolutionGuid = {29B9AB7D-7293-41DA-8DE7-87B7CC00F27D}
	EndGlobalSection
EndGlobal
